PODS:
  - XCDYouTubeKit (2.15.2)
  - youtube-ios-player-helper (1.0.4)

DEPENDENCIES:
  - XCDYouTubeKit
  - youtube-ios-player-helper

SPEC REPOS:
  trunk:
    - XCDYouTubeKit
    - youtube-ios-player-helper

SPEC CHECKSUMS:
  XCDYouTubeKit: b120aced3d8638ffb570c5450cddb5a1dac448c7
  youtube-ios-player-helper: e9b97535e816db3152179d84d999bc1807ecd689

PODFILE CHECKSUM: 19d05841edc26e187eb227e374e6cecb138734f2

COCOAPODS: 1.11.3
